
Microsoft Visual Studio Solution File, Format Version 12.00
# Visual Studio Version 17
VisualStudioVersion = 17.0.31903.59
MinimumVisualStudioVersion = 10.0.40219.1
Project("{2150E333-8FDC-42A3-9474-1A3956D46DE8}") = "src", "src", "{827E0CD3-B72D-47B6-A68D-7590B98EB39B}"
EndProject
Project("{FAE04EC0-301F-11D3-BF4B-00C04F79EFBC}") = "BosAiCopilot.Api", "src\BosAiCopilot.Api\BosAiCopilot.Api.csproj", "{6233FE83-7322-4932-9D1C-63563A467237}"
EndProject
Project("{FAE04EC0-301F-11D3-BF4B-00C04F79EFBC}") = "BosAiCopilot.Core", "src\BosAiCopilot.Core\BosAiCopilot.Core.csproj", "{3BB2BAA1-BE28-4C94-89F9-22740192882C}"
EndProject
Project("{FAE04EC0-301F-11D3-BF4B-00C04F79EFBC}") = "BosAiCopilot.Plugins", "src\BosAiCopilot.Plugins\BosAiCopilot.Plugins.csproj", "{EAEFA8E9-7689-4FC4-9A3F-2B5969EEF2D1}"
EndProject
Project("{2150E333-8FDC-42A3-9474-1A3956D46DE8}") = "tests", "tests", "{0AB3BF05-4346-4AA6-1389-037BE0695223}"
EndProject
Project("{FAE04EC0-301F-11D3-BF4B-00C04F79EFBC}") = "BosAiCopilot.UnitTests", "tests\BosAiCopilot.UnitTests\BosAiCopilot.UnitTests.csproj", "{EB44D963-6C22-4F99-9128-13B29EE74950}"
EndProject
Global
	GlobalSection(SolutionConfigurationPlatforms) = preSolution
		Debug|Any CPU = Debug|Any CPU
		Debug|x64 = Debug|x64
		Debug|x86 = Debug|x86
		Release|Any CPU = Release|Any CPU
		Release|x64 = Release|x64
		Release|x86 = Release|x86
	EndGlobalSection
	GlobalSection(ProjectConfigurationPlatforms) = postSolution
		{6233FE83-7322-4932-9D1C-63563A467237}.Debug|Any CPU.ActiveCfg = Debug|Any CPU
		{6233FE83-7322-4932-9D1C-63563A467237}.Debug|Any CPU.Build.0 = Debug|Any CPU
		{6233FE83-7322-4932-9D1C-63563A467237}.Debug|x64.ActiveCfg = Debug|Any CPU
		{6233FE83-7322-4932-9D1C-63563A467237}.Debug|x64.Build.0 = Debug|Any CPU
		{6233FE83-7322-4932-9D1C-63563A467237}.Debug|x86.ActiveCfg = Debug|Any CPU
		{6233FE83-7322-4932-9D1C-63563A467237}.Debug|x86.Build.0 = Debug|Any CPU
		{6233FE83-7322-4932-9D1C-63563A467237}.Release|Any CPU.ActiveCfg = Release|Any CPU
		{6233FE83-7322-4932-9D1C-63563A467237}.Release|Any CPU.Build.0 = Release|Any CPU
		{6233FE83-7322-4932-9D1C-63563A467237}.Release|x64.ActiveCfg = Release|Any CPU
		{6233FE83-7322-4932-9D1C-63563A467237}.Release|x64.Build.0 = Release|Any CPU
		{6233FE83-7322-4932-9D1C-63563A467237}.Release|x86.ActiveCfg = Release|Any CPU
		{6233FE83-7322-4932-9D1C-63563A467237}.Release|x86.Build.0 = Release|Any CPU
		{3BB2BAA1-BE28-4C94-89F9-22740192882C}.Debug|Any CPU.ActiveCfg = Debug|Any CPU
		{3BB2BAA1-BE28-4C94-89F9-22740192882C}.Debug|Any CPU.Build.0 = Debug|Any CPU
		{3BB2BAA1-BE28-4C94-89F9-22740192882C}.Debug|x64.ActiveCfg = Debug|Any CPU
		{3BB2BAA1-BE28-4C94-89F9-22740192882C}.Debug|x64.Build.0 = Debug|Any CPU
		{3BB2BAA1-BE28-4C94-89F9-22740192882C}.Debug|x86.ActiveCfg = Debug|Any CPU
		{3BB2BAA1-BE28-4C94-89F9-22740192882C}.Debug|x86.Build.0 = Debug|Any CPU
		{3BB2BAA1-BE28-4C94-89F9-22740192882C}.Release|Any CPU.ActiveCfg = Release|Any CPU
		{3BB2BAA1-BE28-4C94-89F9-22740192882C}.Release|Any CPU.Build.0 = Release|Any CPU
		{3BB2BAA1-BE28-4C94-89F9-22740192882C}.Release|x64.ActiveCfg = Release|Any CPU
		{3BB2BAA1-BE28-4C94-89F9-22740192882C}.Release|x64.Build.0 = Release|Any CPU
		{3BB2BAA1-BE28-4C94-89F9-22740192882C}.Release|x86.ActiveCfg = Release|Any CPU
		{3BB2BAA1-BE28-4C94-89F9-22740192882C}.Release|x86.Build.0 = Release|Any CPU
		{EAEFA8E9-7689-4FC4-9A3F-2B5969EEF2D1}.Debug|Any CPU.ActiveCfg = Debug|Any CPU
		{EAEFA8E9-7689-4FC4-9A3F-2B5969EEF2D1}.Debug|Any CPU.Build.0 = Debug|Any CPU
		{EAEFA8E9-7689-4FC4-9A3F-2B5969EEF2D1}.Debug|x64.ActiveCfg = Debug|Any CPU
		{EAEFA8E9-7689-4FC4-9A3F-2B5969EEF2D1}.Debug|x64.Build.0 = Debug|Any CPU
		{EAEFA8E9-7689-4FC4-9A3F-2B5969EEF2D1}.Debug|x86.ActiveCfg = Debug|Any CPU
		{EAEFA8E9-7689-4FC4-9A3F-2B5969EEF2D1}.Debug|x86.Build.0 = Debug|Any CPU
		{EAEFA8E9-7689-4FC4-9A3F-2B5969EEF2D1}.Release|Any CPU.ActiveCfg = Release|Any CPU
		{EAEFA8E9-7689-4FC4-9A3F-2B5969EEF2D1}.Release|Any CPU.Build.0 = Release|Any CPU
		{EAEFA8E9-7689-4FC4-9A3F-2B5969EEF2D1}.Release|x64.ActiveCfg = Release|Any CPU
		{EAEFA8E9-7689-4FC4-9A3F-2B5969EEF2D1}.Release|x64.Build.0 = Release|Any CPU
		{EAEFA8E9-7689-4FC4-9A3F-2B5969EEF2D1}.Release|x86.ActiveCfg = Release|Any CPU
		{EAEFA8E9-7689-4FC4-9A3F-2B5969EEF2D1}.Release|x86.Build.0 = Release|Any CPU
		{EB44D963-6C22-4F99-9128-13B29EE74950}.Debug|Any CPU.ActiveCfg = Debug|Any CPU
		{EB44D963-6C22-4F99-9128-13B29EE74950}.Debug|Any CPU.Build.0 = Debug|Any CPU
		{EB44D963-6C22-4F99-9128-13B29EE74950}.Debug|x64.ActiveCfg = Debug|Any CPU
		{EB44D963-6C22-4F99-9128-13B29EE74950}.Debug|x64.Build.0 = Debug|Any CPU
		{EB44D963-6C22-4F99-9128-13B29EE74950}.Debug|x86.ActiveCfg = Debug|Any CPU
		{EB44D963-6C22-4F99-9128-13B29EE74950}.Debug|x86.Build.0 = Debug|Any CPU
		{EB44D963-6C22-4F99-9128-13B29EE74950}.Release|Any CPU.ActiveCfg = Release|Any CPU
		{EB44D963-6C22-4F99-9128-13B29EE74950}.Release|Any CPU.Build.0 = Release|Any CPU
		{EB44D963-6C22-4F99-9128-13B29EE74950}.Release|x64.ActiveCfg = Release|Any CPU
		{EB44D963-6C22-4F99-9128-13B29EE74950}.Release|x64.Build.0 = Release|Any CPU
		{EB44D963-6C22-4F99-9128-13B29EE74950}.Release|x86.ActiveCfg = Release|Any CPU
		{EB44D963-6C22-4F99-9128-13B29EE74950}.Release|x86.Build.0 = Release|Any CPU
	EndGlobalSection
	GlobalSection(SolutionProperties) = preSolution
		HideSolutionNode = FALSE
	EndGlobalSection
	GlobalSection(NestedProjects) = preSolution
		{6233FE83-7322-4932-9D1C-63563A467237} = {827E0CD3-B72D-47B6-A68D-7590B98EB39B}
		{3BB2BAA1-BE28-4C94-89F9-22740192882C} = {827E0CD3-B72D-47B6-A68D-7590B98EB39B}
		{EAEFA8E9-7689-4FC4-9A3F-2B5969EEF2D1} = {827E0CD3-B72D-47B6-A68D-7590B98EB39B}
		{EB44D963-6C22-4F99-9128-13B29EE74950} = {0AB3BF05-4346-4AA6-1389-037BE0695223}
	EndGlobalSection
EndGlobal
